
Microsoft Visual Studio Solution File, Format Version 12.00
# Visual Studio Version 17
VisualStudioVersion = 17.5.33424.131
MinimumVisualStudioVersion = 10.0.40219.1
Project("{9A19103F-16F7-4668-BE54-9A1E7A4F7556}") = "EXERCICIO_004", "EXERCICIO_004.csproj", "{452D775B-F8F0-4A5A-9931-E3E3DAE3888F}"
EndProject
Global
	GlobalSection(SolutionConfigurationPlatforms) = preSolution
		Debug|Any CPU = Debug|Any CPU
		Release|Any CPU = Release|Any CPU
	EndGlobalSection
	GlobalSection(ProjectConfigurationPlatforms) = postSolution
		{452D775B-F8F0-4A5A-9931-E3E3DAE3888F}.Debug|Any CPU.ActiveCfg = Debug|Any CPU
		{452D775B-F8F0-4A5A-9931-E3E3DAE3888F}.Debug|Any CPU.Build.0 = Debug|Any CPU
		{452D775B-F8F0-4A5A-9931-E3E3DAE3888F}.Release|Any CPU.ActiveCfg = Release|Any CPU
		{452D775B-F8F0-4A5A-9931-E3E3DAE3888F}.Release|Any CPU.Build.0 = Release|Any CPU
	EndGlobalSection
	GlobalSection(SolutionProperties) = preSolution
		HideSolutionNode = FALSE
	EndGlobalSection
	GlobalSection(ExtensibilityGlobals) = postSolution
		SolutionGuid = {AC2B6A01-73A7-42FB-B6AC-B8AB0713EDC9}
	EndGlobalSection
EndGlobal
